
Microsoft Visual Studio Solution File, Format Version 12.00
# Visual Studio Version 17
VisualStudioVersion = 17.13.35806.99 d17.13
MinimumVisualStudioVersion = 10.0.40219.1
Project("{FAE04EC0-301F-11D3-BF4B-00C04F79EFBC}") = "Geospatial_GDAL_Console", "Geospatial_GDAL_Console\Geospatial_GDAL_Console.csproj", "{46AA46B2-EE3F-4E15-B830-E4E1E28E6808}"
EndProject
Global
	GlobalSection(SolutionConfigurationPlatforms) = preSolution
		Debug|Any CPU = Debug|Any CPU
		Release|Any CPU = Release|Any CPU
	EndGlobalSection
	GlobalSection(ProjectConfigurationPlatforms) = postSolution
		{46AA46B2-EE3F-4E15-B830-E4E1E28E6808}.Debug|Any CPU.ActiveCfg = Debug|Any CPU
		{46AA46B2-EE3F-4E15-B830-E4E1E28E6808}.Debug|Any CPU.Build.0 = Debug|Any CPU
		{46AA46B2-EE3F-4E15-B830-E4E1E28E6808}.Release|Any CPU.ActiveCfg = Release|Any CPU
		{46AA46B2-EE3F-4E15-B830-E4E1E28E6808}.Release|Any CPU.Build.0 = Release|Any CPU
	EndGlobalSection
	GlobalSection(SolutionProperties) = preSolution
		HideSolutionNode = FALSE
	EndGlobalSection
	GlobalSection(ExtensibilityGlobals) = postSolution
		SolutionGuid = {1F2F572A-58A5-4DE3-A964-FA28CD91CE46}
	EndGlobalSection
EndGlobal
