
Microsoft Visual Studio Solution File, Format Version 12.00
# Visual Studio Version 17
VisualStudioVersion = 17.10.35122.118
MinimumVisualStudioVersion = 10.0.40219.1
Project("{FAE04EC0-301F-11D3-BF4B-00C04F79EFBC}") = "DatabaseUI", "learn.databases\DatabaseUI.csproj", "{9B88B28C-4D85-4793-B4EE-E9A907C45FA0}"
EndProject
Global
	GlobalSection(SolutionConfigurationPlatforms) = preSolution
		Debug|Any CPU = Debug|Any CPU
		Release|Any CPU = Release|Any CPU
	EndGlobalSection
	GlobalSection(ProjectConfigurationPlatforms) = postSolution
		{9B88B28C-4D85-4793-B4EE-E9A907C45FA0}.Debug|Any CPU.ActiveCfg = Debug|Any CPU
		{9B88B28C-4D85-4793-B4EE-E9A907C45FA0}.Debug|Any CPU.Build.0 = Debug|Any CPU
		{9B88B28C-4D85-4793-B4EE-E9A907C45FA0}.Release|Any CPU.ActiveCfg = Release|Any CPU
		{9B88B28C-4D85-4793-B4EE-E9A907C45FA0}.Release|Any CPU.Build.0 = Release|Any CPU
	EndGlobalSection
	GlobalSection(SolutionProperties) = preSolution
		HideSolutionNode = FALSE
	EndGlobalSection
	GlobalSection(ExtensibilityGlobals) = postSolution
		SolutionGuid = {125FBC12-B668-4024-9783-449FFD054373}
	EndGlobalSection
EndGlobal
